
Microsoft Visual Studio Solution File, Format Version 12.00
# Visual Studio Version 17
VisualStudioVersion = 17.14.36203.30 d17.14
MinimumVisualStudioVersion = 10.0.40219.1
Project("{FAE04EC0-301F-11D3-BF4B-00C04F79EFBC}") = "trabajofinal", "trabajofinal\trabajofinal.csproj", "{9E7EAB67-A9C9-42FA-9766-9793B7F501B7}"
EndProject
Global
	GlobalSection(SolutionConfigurationPlatforms) = preSolution
		Debug|Any CPU = Debug|Any CPU
		Release|Any CPU = Release|Any CPU
	EndGlobalSection
	GlobalSection(ProjectConfigurationPlatforms) = postSolution
		{9E7EAB67-A9C9-42FA-9766-9793B7F501B7}.Debug|Any CPU.ActiveCfg = Debug|Any CPU
		{9E7EAB67-A9C9-42FA-9766-9793B7F501B7}.Debug|Any CPU.Build.0 = Debug|Any CPU
		{9E7EAB67-A9C9-42FA-9766-9793B7F501B7}.Release|Any CPU.ActiveCfg = Release|Any CPU
		{9E7EAB67-A9C9-42FA-9766-9793B7F501B7}.Release|Any CPU.Build.0 = Release|Any CPU
	EndGlobalSection
	GlobalSection(SolutionProperties) = preSolution
		HideSolutionNode = FALSE
	EndGlobalSection
	GlobalSection(ExtensibilityGlobals) = postSolution
		SolutionGuid = {B9239830-E984-44B4-9ABB-183F44639F4F}
	EndGlobalSection
EndGlobal
